{
    "_meta": {
        "hash": {
            "sha256": "9626f5b8ca7fc18e092f5c7a1d9082fe5d0c867cf923628550095de17782a61b"
        },
        "pipfile-spec": 6,
        "requires": {
            "python_version": "3.7"
        },
        "sources": [
            {
                "name": "pypi",
                "url": "https://pypi.org/simple",
                "verify_ssl": true
            }
        ]
    },
    "default": {
        "entrypoints": {
            "hashes": [
                "sha256:10ad569bb245e7e2ba425285b9fa3e8178a0dc92fc53b1e1c553805e15a8825b",
                "sha256:d2d587dde06f99545fb13a383d2cd336a8ff1f359c5839ce3a64c917d10c029f"
            ],
            "markers": "python_version >= '2.7'",
            "version": "==0.2.3"
        },
        "keyring": {
            "hashes": [
                "sha256:16dddc3edaeb2703aaf5588a0b488b62f162e26f1877b6faf3a3db4b7712df61",
                "sha256:6232b972dfbd44fd9bd649242dbf17f616988b152d4268f9ca1dcc704b467381"
            ],
            "index": "pypi",
            "version": "==15.1.0"
        }
    },
    "develop": {}
}
