{
    "_meta": {
        "hash": {
            "sha256": "58582f8cf7965a72ffe043929f751c1de2fca6eb34c044b57b7d331d69a86deb"
        },
        "host-environment-markers": {
            "implementation_name": "cpython",
            "implementation_version": "3.6.0",
            "os_name": "posix",
            "platform_machine": "x86_64",
            "platform_python_implementation": "CPython",
            "platform_release": "4.4.0-137-generic",
            "platform_system": "Linux",
            "platform_version": "#163-Ubuntu SMP Mon Sep 24 13:14:43 UTC 2018",
            "python_full_version": "3.6.0",
            "python_version": "3.6",
            "sys_platform": "linux"
        },
        "pipfile-spec": 6,
        "requires": {
            "python_version": "3.6"
        },
        "sources": [
            {
                "name": "pypi",
                "url": "https://pypi.org/simple",
                "verify_ssl": true
            }
        ]
    },
    "default": {
        "dope-flow": {
            "editable": true,
            "path": "."
        },
        "jieba": {
            "hashes": [],
            "version": "==0.39"
        },
        "joblib": {
            "hashes": [],
            "version": "==0.12.2"
        },
        "nltk": {
            "hashes": [],
            "version": "==3.3.0"
        },
        "numpy": {
            "hashes": [],
            "version": "==1.15.3"
        },
        "pandas": {
            "hashes": [],
            "markers": "python_version >= '3.5'",
            "version": "==0.23.4"
        },
        "purewords": {
            "hashes": [],
            "version": "==0.1.1"
        },
        "python-dateutil": {
            "hashes": [],
            "version": "==2.7.3"
        },
        "pytz": {
            "hashes": [],
            "version": "==2018.5"
        },
        "six": {
            "hashes": [],
            "version": "==1.11.0"
        },
        "strpipe": {
            "hashes": [],
            "version": "==0.4.7"
        },
        "text-normalizer": {
            "hashes": [],
            "version": "==0.0.5"
        },
        "tokenizer-hub": {
            "hashes": [],
            "version": "==0.0.1"
        },
        "u-msgpack-python": {
            "hashes": [],
            "version": "==2.5.0"
        }
    },
    "develop": {
        "attrs": {
            "hashes": [],
            "version": "==18.2.0"
        },
        "backcall": {
            "hashes": [],
            "version": "==0.1.0"
        },
        "decorator": {
            "hashes": [],
            "version": "==4.3.0"
        },
        "flake8": {
            "hashes": [],
            "version": "==3.5.0"
        },
        "flake8-bugbear": {
            "hashes": [],
            "markers": "python_version >= '3.5'",
            "version": "==17.4.0"
        },
        "flake8-builtins": {
            "hashes": [],
            "version": "==1.0"
        },
        "flake8-class-newline": {
            "hashes": [],
            "version": "==1.6.0"
        },
        "flake8-commas": {
            "hashes": [],
            "version": "==0.4.3"
        },
        "flake8-config-yoctol": {
            "hashes": [],
            "version": "==0.0.9"
        },
        "flake8-debugger": {
            "hashes": [],
            "version": "==3.0.0"
        },
        "flake8-print": {
            "hashes": [],
            "version": "==3.0.1"
        },
        "ipdb": {
            "hashes": [],
            "version": "==0.10.3"
        },
        "ipython": {
            "hashes": [],
            "version": "==7.0.1"
        },
        "ipython-genutils": {
            "hashes": [],
            "version": "==0.2.0"
        },
        "jedi": {
            "hashes": [],
            "version": "==0.13.1"
        },
        "mccabe": {
            "hashes": [],
            "version": "==0.6.1"
        },
        "parso": {
            "hashes": [],
            "version": "==0.3.1"
        },
        "pexpect": {
            "hashes": [],
            "markers": "sys_platform != 'win32'",
            "version": "==4.6.0"
        },
        "pickleshare": {
            "hashes": [],
            "version": "==0.7.5"
        },
        "prompt-toolkit": {
            "hashes": [],
            "version": "==2.0.6"
        },
        "ptyprocess": {
            "hashes": [],
            "version": "==0.6.0"
        },
        "pycodestyle": {
            "hashes": [],
            "version": "==2.3.1"
        },
        "pyflakes": {
            "hashes": [],
            "version": "==1.6.0"
        },
        "pygments": {
            "hashes": [],
            "version": "==2.2.0"
        },
        "simplegeneric": {
            "hashes": [],
            "version": "==0.8.1"
        },
        "six": {
            "hashes": [],
            "version": "==1.11.0"
        },
        "traitlets": {
            "hashes": [],
            "version": "==4.3.2"
        },
        "wcwidth": {
            "hashes": [],
            "version": "==0.1.7"
        }
    }
}
